// !$*UTF8*$!
{
	archiveVersion = 1;
	classes = {
	};
	objectVersion = 46;
	objects = {

/* Begin PBXBuildFile section */
		46E2FEEA743E863A7BD90064 /* Pods_StayInTouchTests.framework in Frameworks */ = {isa = PBXBuildFile; fileRef = 50C9F885A28C255E5DB07B84 /* Pods_StayInTouchTests.framework */; };
		BA0561371EF8D21F006D7FC8 /* WelcomeViewController.swift in Sources */ = {isa = PBXBuildFile; fileRef = BA0561361EF8D21F006D7FC8 /* WelcomeViewController.swift */; };
		BA10C6051E510DC10014C47C /* GoogleService-Info.plist in Resources */ = {isa = PBXBuildFile; fileRef = BA10C6041E510DC10014C47C /* GoogleService-Info.plist */; };
		BA1C0D541F112E9D002569C9 /* Contact.swift in Sources */ = {isa = PBXBuildFile; fileRef = BA1C0D531F112E9D002569C9 /* Contact.swift */; };
		BA1C0D581F116262002569C9 /* ContactViewCell.swift in Sources */ = {isa = PBXBuildFile; fileRef = BA1C0D571F116262002569C9 /* ContactViewCell.swift */; };
		BA1C0D5A1F116710002569C9 /* ConversationTableViewController.swift in Sources */ = {isa = PBXBuildFile; fileRef = BA1C0D591F116710002569C9 /* ConversationTableViewController.swift */; };
		BA1C0D5C1F1213BC002569C9 /* ContactPageViewController.swift in Sources */ = {isa = PBXBuildFile; fileRef = BA1C0D5B1F1213BC002569C9 /* ContactPageViewController.swift */; };
		BA1C0D5E1F159BC3002569C9 /* EditContactViewController.swift in Sources */ = {isa = PBXBuildFile; fileRef = BA1C0D5D1F159BC3002569C9 /* EditContactViewController.swift */; };
		BA262F561E778D3400E4A614 /* SettingsViewController.swift in Sources */ = {isa = PBXBuildFile; fileRef = BA262F551E778D3400E4A614 /* SettingsViewController.swift */; };
		BA3C43DC1ECD3BEC003D00A7 /* Notification.swift in Sources */ = {isa = PBXBuildFile; fileRef = BA3C43DB1ECD3BEC003D00A7 /* Notification.swift */; };
		BA41189B1E622E2500E25925 /* SignUpInfoTableViewController.swift in Sources */ = {isa = PBXBuildFile; fileRef = BA41189A1E622E2500E25925 /* SignUpInfoTableViewController.swift */; };
		BA41189F1E6299CC00E25925 /* Constants.swift in Sources */ = {isa = PBXBuildFile; fileRef = BA41189E1E6299CC00E25925 /* Constants.swift */; };
		BA4274EB1E5FE18F00FED1B0 /* SubmitSignUpViewController.swift in Sources */ = {isa = PBXBuildFile; fileRef = BA4274EA1E5FE18F00FED1B0 /* SubmitSignUpViewController.swift */; };
		BA4274ED1E5FE4EC00FED1B0 /* Printer.swift in Sources */ = {isa = PBXBuildFile; fileRef = BA4274EC1E5FE4EC00FED1B0 /* Printer.swift */; };
		BA5CD7B31E86CE1E00196BE6 /* ContactBasicInfoViewController.swift in Sources */ = {isa = PBXBuildFile; fileRef = BA5CD7B21E86CE1E00196BE6 /* ContactBasicInfoViewController.swift */; };
		BA5CD7B51E86CEC900196BE6 /* ContactViewController.swift in Sources */ = {isa = PBXBuildFile; fileRef = BA5CD7B41E86CEC900196BE6 /* ContactViewController.swift */; };
		BA5CD7B71E8707BF00196BE6 /* ProfessionalProfileTableViewController.swift in Sources */ = {isa = PBXBuildFile; fileRef = BA5CD7B61E8707BF00196BE6 /* ProfessionalProfileTableViewController.swift */; };
		BA5CD7B91E8877C600196BE6 /* ContactInfo.swift in Sources */ = {isa = PBXBuildFile; fileRef = BA5CD7B81E8877C600196BE6 /* ContactInfo.swift */; };
		BA5CD7BB1E887F7A00196BE6 /* InterestsTableViewController.swift in Sources */ = {isa = PBXBuildFile; fileRef = BA5CD7BA1E887F7A00196BE6 /* InterestsTableViewController.swift */; };
		BA764A4B1E4FEA0E00B6659A /* AppDelegate.swift in Sources */ = {isa = PBXBuildFile; fileRef = BA764A4A1E4FEA0E00B6659A /* AppDelegate.swift */; };
		BA764A4D1E4FEA0E00B6659A /* FirstViewController.swift in Sources */ = {isa = PBXBuildFile; fileRef = BA764A4C1E4FEA0E00B6659A /* FirstViewController.swift */; };
		BA764A4F1E4FEA0E00B6659A /* SecondViewController.swift in Sources */ = {isa = PBXBuildFile; fileRef = BA764A4E1E4FEA0E00B6659A /* SecondViewController.swift */; };
		BA764A521E4FEA0E00B6659A /* Main.storyboard in Resources */ = {isa = PBXBuildFile; fileRef = BA764A501E4FEA0E00B6659A /* Main.storyboard */; };
		BA764A541E4FEA0F00B6659A /* Assets.xcassets in Resources */ = {isa = PBXBuildFile; fileRef = BA764A531E4FEA0F00B6659A /* Assets.xcassets */; };
		BA764A621E4FEA1100B6659A /* StayInTouchTests.swift in Sources */ = {isa = PBXBuildFile; fileRef = BA764A611E4FEA1100B6659A /* StayInTouchTests.swift */; };
		BA764A6D1E5013C300B6659A /* SignInViewController.swift in Sources */ = {isa = PBXBuildFile; fileRef = BA764A6C1E5013C300B6659A /* SignInViewController.swift */; };
		BA77CDC11ECFEEF8009D891B /* NotificationViewController.swift in Sources */ = {isa = PBXBuildFile; fileRef = BA77CDC01ECFEEF8009D891B /* NotificationViewController.swift */; };
		BA77CDC31ECFF74E009D891B /* ArticleViewController.swift in Sources */ = {isa = PBXBuildFile; fileRef = BA77CDC21ECFF74E009D891B /* ArticleViewController.swift */; };
		BA90BB781E67CA850062E419 /* HomeTabBarController.swift in Sources */ = {isa = PBXBuildFile; fileRef = BA90BB771E67CA850062E419 /* HomeTabBarController.swift */; };
		BA9B648F1E56C18000DD6414 /* SessionCheckViewController.swift in Sources */ = {isa = PBXBuildFile; fileRef = BA9B648E1E56C18000DD6414 /* SessionCheckViewController.swift */; };
		BAD94FD21EC7928B0077A355 /* FollowUpTableViewController.swift in Sources */ = {isa = PBXBuildFile; fileRef = BAD94FD11EC7928B0077A355 /* FollowUpTableViewController.swift */; };
		BAD94FD61EC79CD50077A355 /* NotificationTableViewCell.swift in Sources */ = {isa = PBXBuildFile; fileRef = BAD94FD51EC79CD50077A355 /* NotificationTableViewCell.swift */; };
		BAFDC8781E993B4C009E6BBB /* StringUtil.swift in Sources */ = {isa = PBXBuildFile; fileRef = BAFDC8771E993B4C009E6BBB /* StringUtil.swift */; };
		BAFFF1B61F1AC4610015D943 /* PastConvoTableViewController.swift in Sources */ = {isa = PBXBuildFile; fileRef = BAFFF1B51F1AC4610015D943 /* PastConvoTableViewController.swift */; };
		BAFFF1B81F1AC5D20015D943 /* ConvoTableViewCell.swift in Sources */ = {isa = PBXBuildFile; fileRef = BAFFF1B71F1AC5D20015D943 /* ConvoTableViewCell.swift */; };
		BAFFF1BA1F1BC7670015D943 /* FollowUpUtil.swift in Sources */ = {isa = PBXBuildFile; fileRef = BAFFF1B91F1BC7670015D943 /* FollowUpUtil.swift */; };
		DE4E1BF75DC1572CA540B300 /* Pods_StayInTouch.framework in Frameworks */ = {isa = PBXBuildFile; fileRef = 82426BF26336EF93DEF6949B /* Pods_StayInTouch.framework */; };
/* End PBXBuildFile section */

/* Begin PBXContainerItemProxy section */
		BA764A5E1E4FEA1100B6659A /* PBXContainerItemProxy */ = {
			isa = PBXContainerItemProxy;
			containerPortal = BA764A3F1E4FEA0E00B6659A /* Project object */;
			proxyType = 1;
			remoteGlobalIDString = BA764A461E4FEA0E00B6659A;
			remoteInfo = StayInTouch;
		};
/* End PBXContainerItemProxy section */

/* Begin PBXFileReference section */
		3EAB95E939505C80B7C390CA /* Pods-StayInTouch.debug.xcconfig */ = {isa = PBXFileReference; includeInIndex = 1; lastKnownFileType = text.xcconfig; name = "Pods-StayInTouch.debug.xcconfig"; path = "Pods/Target Support Files/Pods-StayInTouch/Pods-StayInTouch.debug.xcconfig"; sourceTree = "<group>"; };
		4A5A5ACEDDD661838FC9157B /* Pods-StayInTouch.release.xcconfig */ = {isa = PBXFileReference; includeInIndex = 1; lastKnownFileType = text.xcconfig; name = "Pods-StayInTouch.release.xcconfig"; path = "Pods/Target Support Files/Pods-StayInTouch/Pods-StayInTouch.release.xcconfig"; sourceTree = "<group>"; };
		50C9F885A28C255E5DB07B84 /* Pods_StayInTouchTests.framework */ = {isa = PBXFileReference; explicitFileType = wrapper.framework; includeInIndex = 0; path = Pods_StayInTouchTests.framework; sourceTree = BUILT_PRODUCTS_DIR; };
		5F754D2EBDB079A69C36E6CE /* Pods-StayInTouchTests.release.xcconfig */ = {isa = PBXFileReference; includeInIndex = 1; lastKnownFileType = text.xcconfig; name = "Pods-StayInTouchTests.release.xcconfig"; path = "Pods/Target Support Files/Pods-StayInTouchTests/Pods-StayInTouchTests.release.xcconfig"; sourceTree = "<group>"; };
		82426BF26336EF93DEF6949B /* Pods_StayInTouch.framework */ = {isa = PBXFileReference; explicitFileType = wrapper.framework; includeInIndex = 0; path = Pods_StayInTouch.framework; sourceTree = BUILT_PRODUCTS_DIR; };
		BA0561361EF8D21F006D7FC8 /* WelcomeViewController.swift */ = {isa = PBXFileReference; fileEncoding = 4; lastKnownFileType = sourcecode.swift; path = WelcomeViewController.swift; sourceTree = "<group>"; };
		BA10C6041E510DC10014C47C /* GoogleService-Info.plist */ = {isa = PBXFileReference; fileEncoding = 4; lastKnownFileType = text.plist.xml; path = "GoogleService-Info.plist"; sourceTree = "<group>"; };
		BA1C0D531F112E9D002569C9 /* Contact.swift */ = {isa = PBXFileReference; fileEncoding = 4; lastKnownFileType = sourcecode.swift; path = Contact.swift; sourceTree = "<group>"; };
		BA1C0D571F116262002569C9 /* ContactViewCell.swift */ = {isa = PBXFileReference; fileEncoding = 4; lastKnownFileType = sourcecode.swift; path = ContactViewCell.swift; sourceTree = "<group>"; };
		BA1C0D591F116710002569C9 /* ConversationTableViewController.swift */ = {isa = PBXFileReference; fileEncoding = 4; lastKnownFileType = sourcecode.swift; path = ConversationTableViewController.swift; sourceTree = "<group>"; };
		BA1C0D5B1F1213BC002569C9 /* ContactPageViewController.swift */ = {isa = PBXFileReference; fileEncoding = 4; lastKnownFileType = sourcecode.swift; path = ContactPageViewController.swift; sourceTree = "<group>"; };
		BA1C0D5D1F159BC3002569C9 /* EditContactViewController.swift */ = {isa = PBXFileReference; fileEncoding = 4; lastKnownFileType = sourcecode.swift; path = EditContactViewController.swift; sourceTree = "<group>"; };
		BA2031461EA9B2C1005CD63C /* StayInTouch.entitlements */ = {isa = PBXFileReference; lastKnownFileType = text.plist.entitlements; path = StayInTouch.entitlements; sourceTree = "<group>"; };
		BA262F551E778D3400E4A614 /* SettingsViewController.swift */ = {isa = PBXFileReference; fileEncoding = 4; lastKnownFileType = sourcecode.swift; path = SettingsViewController.swift; sourceTree = "<group>"; };
		BA3C43DB1ECD3BEC003D00A7 /* Notification.swift */ = {isa = PBXFileReference; fileEncoding = 4; lastKnownFileType = sourcecode.swift; path = Notification.swift; sourceTree = "<group>"; };
		BA41189A1E622E2500E25925 /* SignUpInfoTableViewController.swift */ = {isa = PBXFileReference; fileEncoding = 4; lastKnownFileType = sourcecode.swift; path = SignUpInfoTableViewController.swift; sourceTree = "<group>"; };
		BA41189E1E6299CC00E25925 /* Constants.swift */ = {isa = PBXFileReference; fileEncoding = 4; lastKnownFileType = sourcecode.swift; path = Constants.swift; sourceTree = "<group>"; };
		BA4274EA1E5FE18F00FED1B0 /* SubmitSignUpViewController.swift */ = {isa = PBXFileReference; fileEncoding = 4; lastKnownFileType = sourcecode.swift; path = SubmitSignUpViewController.swift; sourceTree = "<group>"; };
		BA4274EC1E5FE4EC00FED1B0 /* Printer.swift */ = {isa = PBXFileReference; fileEncoding = 4; lastKnownFileType = sourcecode.swift; path = Printer.swift; sourceTree = "<group>"; };
		BA5CD7B21E86CE1E00196BE6 /* ContactBasicInfoViewController.swift */ = {isa = PBXFileReference; fileEncoding = 4; lastKnownFileType = sourcecode.swift; path = ContactBasicInfoViewController.swift; sourceTree = "<group>"; };
		BA5CD7B41E86CEC900196BE6 /* ContactViewController.swift */ = {isa = PBXFileReference; fileEncoding = 4; lastKnownFileType = sourcecode.swift; path = ContactViewController.swift; sourceTree = "<group>"; };
		BA5CD7B61E8707BF00196BE6 /* ProfessionalProfileTableViewController.swift */ = {isa = PBXFileReference; fileEncoding = 4; lastKnownFileType = sourcecode.swift; path = ProfessionalProfileTableViewController.swift; sourceTree = "<group>"; };
		BA5CD7B81E8877C600196BE6 /* ContactInfo.swift */ = {isa = PBXFileReference; fileEncoding = 4; lastKnownFileType = sourcecode.swift; path = ContactInfo.swift; sourceTree = "<group>"; };
		BA5CD7BA1E887F7A00196BE6 /* InterestsTableViewController.swift */ = {isa = PBXFileReference; fileEncoding = 4; lastKnownFileType = sourcecode.swift; path = InterestsTableViewController.swift; sourceTree = "<group>"; };
		BA764A471E4FEA0E00B6659A /* StayInTouch.app */ = {isa = PBXFileReference; explicitFileType = wrapper.application; includeInIndex = 0; path = StayInTouch.app; sourceTree = BUILT_PRODUCTS_DIR; };
		BA764A4A1E4FEA0E00B6659A /* AppDelegate.swift */ = {isa = PBXFileReference; lastKnownFileType = sourcecode.swift; path = AppDelegate.swift; sourceTree = "<group>"; };
		BA764A4C1E4FEA0E00B6659A /* FirstViewController.swift */ = {isa = PBXFileReference; lastKnownFileType = sourcecode.swift; path = FirstViewController.swift; sourceTree = "<group>"; };
		BA764A4E1E4FEA0E00B6659A /* SecondViewController.swift */ = {isa = PBXFileReference; lastKnownFileType = sourcecode.swift; path = SecondViewController.swift; sourceTree = "<group>"; };
		BA764A511E4FEA0E00B6659A /* Base */ = {isa = PBXFileReference; lastKnownFileType = file.storyboard; name = Base; path = Base.lproj/Main.storyboard; sourceTree = "<group>"; };
		BA764A531E4FEA0F00B6659A /* Assets.xcassets */ = {isa = PBXFileReference; lastKnownFileType = folder.assetcatalog; path = Assets.xcassets; sourceTree = "<group>"; };
		BA764A581E4FEA0F00B6659A /* Info.plist */ = {isa = PBXFileReference; lastKnownFileType = text.plist.xml; path = Info.plist; sourceTree = "<group>"; };
		BA764A5D1E4FEA1100B6659A /* StayInTouchTests.xctest */ = {isa = PBXFileReference; explicitFileType = wrapper.cfbundle; includeInIndex = 0; path = StayInTouchTests.xctest; sourceTree = BUILT_PRODUCTS_DIR; };
		BA764A611E4FEA1100B6659A /* StayInTouchTests.swift */ = {isa = PBXFileReference; lastKnownFileType = sourcecode.swift; path = StayInTouchTests.swift; sourceTree = "<group>"; };
		BA764A631E4FEA1100B6659A /* Info.plist */ = {isa = PBXFileReference; lastKnownFileType = text.plist.xml; path = Info.plist; sourceTree = "<group>"; };
		BA764A6C1E5013C300B6659A /* SignInViewController.swift */ = {isa = PBXFileReference; fileEncoding = 4; lastKnownFileType = sourcecode.swift; path = SignInViewController.swift; sourceTree = "<group>"; };
		BA77CDC01ECFEEF8009D891B /* NotificationViewController.swift */ = {isa = PBXFileReference; fileEncoding = 4; lastKnownFileType = sourcecode.swift; path = NotificationViewController.swift; sourceTree = "<group>"; };
		BA77CDC21ECFF74E009D891B /* ArticleViewController.swift */ = {isa = PBXFileReference; fileEncoding = 4; lastKnownFileType = sourcecode.swift; path = ArticleViewController.swift; sourceTree = "<group>"; };
		BA90BB771E67CA850062E419 /* HomeTabBarController.swift */ = {isa = PBXFileReference; fileEncoding = 4; lastKnownFileType = sourcecode.swift; path = HomeTabBarController.swift; sourceTree = "<group>"; };
		BA9B648E1E56C18000DD6414 /* SessionCheckViewController.swift */ = {isa = PBXFileReference; fileEncoding = 4; lastKnownFileType = sourcecode.swift; path = SessionCheckViewController.swift; sourceTree = "<group>"; };
		BAD94FD11EC7928B0077A355 /* FollowUpTableViewController.swift */ = {isa = PBXFileReference; fileEncoding = 4; lastKnownFileType = sourcecode.swift; path = FollowUpTableViewController.swift; sourceTree = "<group>"; };
		BAD94FD51EC79CD50077A355 /* NotificationTableViewCell.swift */ = {isa = PBXFileReference; fileEncoding = 4; lastKnownFileType = sourcecode.swift; path = NotificationTableViewCell.swift; sourceTree = "<group>"; };
		BAFDC8771E993B4C009E6BBB /* StringUtil.swift */ = {isa = PBXFileReference; fileEncoding = 4; lastKnownFileType = sourcecode.swift; path = StringUtil.swift; sourceTree = "<group>"; };
		BAFFF1B51F1AC4610015D943 /* PastConvoTableViewController.swift */ = {isa = PBXFileReference; fileEncoding = 4; lastKnownFileType = sourcecode.swift; path = PastConvoTableViewController.swift; sourceTree = "<group>"; };
		BAFFF1B71F1AC5D20015D943 /* ConvoTableViewCell.swift */ = {isa = PBXFileReference; fileEncoding = 4; lastKnownFileType = sourcecode.swift; path = ConvoTableViewCell.swift; sourceTree = "<group>"; };
		BAFFF1B91F1BC7670015D943 /* FollowUpUtil.swift */ = {isa = PBXFileReference; fileEncoding = 4; lastKnownFileType = sourcecode.swift; path = FollowUpUtil.swift; sourceTree = "<group>"; };
		D07EDD4CEB75DFC56A2BABCC /* Pods-StayInTouchTests.debug.xcconfig */ = {isa = PBXFileReference; includeInIndex = 1; lastKnownFileType = text.xcconfig; name = "Pods-StayInTouchTests.debug.xcconfig"; path = "Pods/Target Support Files/Pods-StayInTouchTests/Pods-StayInTouchTests.debug.xcconfig"; sourceTree = "<group>"; };
/* End PBXFileReference section */

/* Begin PBXFrameworksBuildPhase section */
		BA764A441E4FEA0E00B6659A /* Frameworks */ = {
			isa = PBXFrameworksBuildPhase;
			buildActionMask = 2147483647;
			files = (
				DE4E1BF75DC1572CA540B300 /* Pods_StayInTouch.framework in Frameworks */,
			);
			runOnlyForDeploymentPostprocessing = 0;
		};
		BA764A5A1E4FEA1100B6659A /* Frameworks */ = {
			isa = PBXFrameworksBuildPhase;
			buildActionMask = 2147483647;
			files = (
				46E2FEEA743E863A7BD90064 /* Pods_StayInTouchTests.framework in Frameworks */,
			);
			runOnlyForDeploymentPostprocessing = 0;
		};
/* End PBXFrameworksBuildPhase section */

/* Begin PBXGroup section */
		2C8BAFA26B55A69EF42AF0FC /* Frameworks */ = {
			isa = PBXGroup;
			children = (
				82426BF26336EF93DEF6949B /* Pods_StayInTouch.framework */,
				50C9F885A28C255E5DB07B84 /* Pods_StayInTouchTests.framework */,
			);
			name = Frameworks;
			sourceTree = "<group>";
		};
		BA262F521E778CDD00E4A614 /* Settings */ = {
			isa = PBXGroup;
			children = (
				BA262F551E778D3400E4A614 /* SettingsViewController.swift */,
			);
			name = Settings;
			sourceTree = "<group>";
		};
		BA3546E11E74BF820091B09B /* FollowUp */ = {
			isa = PBXGroup;
			children = (
				BA764A4C1E4FEA0E00B6659A /* FirstViewController.swift */,
				BAD94FD11EC7928B0077A355 /* FollowUpTableViewController.swift */,
				BAD94FD51EC79CD50077A355 /* NotificationTableViewCell.swift */,
				BA3C43DB1ECD3BEC003D00A7 /* Notification.swift */,
				BA77CDC01ECFEEF8009D891B /* NotificationViewController.swift */,
				BA77CDC21ECFF74E009D891B /* ArticleViewController.swift */,
			);
			name = FollowUp;
			sourceTree = "<group>";
		};
		BA3546E21E74BFEA0091B09B /* Conversations */ = {
			isa = PBXGroup;
			children = (
				BA764A4E1E4FEA0E00B6659A /* SecondViewController.swift */,
				BA1C0D531F112E9D002569C9 /* Contact.swift */,
				BA1C0D571F116262002569C9 /* ContactViewCell.swift */,
				BA1C0D591F116710002569C9 /* ConversationTableViewController.swift */,
			);
			name = Conversations;
			sourceTree = "<group>";
		};
		BA41189C1E62992600E25925 /* Utils */ = {
			isa = PBXGroup;
			children = (
				BA41189E1E6299CC00E25925 /* Constants.swift */,
				BA5CD7B81E8877C600196BE6 /* ContactInfo.swift */,
				BAFDC8771E993B4C009E6BBB /* StringUtil.swift */,
				BA4274EC1E5FE4EC00FED1B0 /* Printer.swift */,
				BAFFF1B91F1BC7670015D943 /* FollowUpUtil.swift */,
			);
			name = Utils;
			sourceTree = "<group>";
		};
		BA41189D1E62997700E25925 /* login */ = {
			isa = PBXGroup;
			children = (
				BA764A6C1E5013C300B6659A /* SignInViewController.swift */,
				BA9B648E1E56C18000DD6414 /* SessionCheckViewController.swift */,
				BA41189A1E622E2500E25925 /* SignUpInfoTableViewController.swift */,
				BA4274EA1E5FE18F00FED1B0 /* SubmitSignUpViewController.swift */,
				BA90BB771E67CA850062E419 /* HomeTabBarController.swift */,
				BA0561361EF8D21F006D7FC8 /* WelcomeViewController.swift */,
			);
			name = login;
			sourceTree = "<group>";
		};
		BA5CD7B11E86CDF000196BE6 /* Contacts */ = {
			isa = PBXGroup;
			children = (
				BA5CD7B21E86CE1E00196BE6 /* ContactBasicInfoViewController.swift */,
				BA5CD7B41E86CEC900196BE6 /* ContactViewController.swift */,
				BA5CD7B61E8707BF00196BE6 /* ProfessionalProfileTableViewController.swift */,
				BA5CD7BA1E887F7A00196BE6 /* InterestsTableViewController.swift */,
				BA1C0D5B1F1213BC002569C9 /* ContactPageViewController.swift */,
				BA1C0D5D1F159BC3002569C9 /* EditContactViewController.swift */,
				BAFFF1B51F1AC4610015D943 /* PastConvoTableViewController.swift */,
				BAFFF1B71F1AC5D20015D943 /* ConvoTableViewCell.swift */,
			);
			name = Contacts;
			sourceTree = "<group>";
		};
		BA764A3E1E4FEA0E00B6659A = {
			isa = PBXGroup;
			children = (
				BA764A491E4FEA0E00B6659A /* StayInTouch */,
				BA764A601E4FEA1100B6659A /* StayInTouchTests */,
				BA764A481E4FEA0E00B6659A /* Products */,
				E4146E87803D40DB2A43B79C /* Pods */,
				2C8BAFA26B55A69EF42AF0FC /* Frameworks */,
			);
			sourceTree = "<group>";
		};
		BA764A481E4FEA0E00B6659A /* Products */ = {
			isa = PBXGroup;
			children = (
				BA764A471E4FEA0E00B6659A /* StayInTouch.app */,
				BA764A5D1E4FEA1100B6659A /* StayInTouchTests.xctest */,
			);
			name = Products;
			sourceTree = "<group>";
		};
		BA764A491E4FEA0E00B6659A /* StayInTouch */ = {
			isa = PBXGroup;
			children = (
				BA2031461EA9B2C1005CD63C /* StayInTouch.entitlements */,
				BA41189C1E62992600E25925 /* Utils */,
				BA41189D1E62997700E25925 /* login */,
				BA3546E11E74BF820091B09B /* FollowUp */,
				BA3546E21E74BFEA0091B09B /* Conversations */,
				BA5CD7B11E86CDF000196BE6 /* Contacts */,
				BA262F521E778CDD00E4A614 /* Settings */,
				BA764A501E4FEA0E00B6659A /* Main.storyboard */,
				BA764A4A1E4FEA0E00B6659A /* AppDelegate.swift */,
				BA764A531E4FEA0F00B6659A /* Assets.xcassets */,
				BA10C6041E510DC10014C47C /* GoogleService-Info.plist */,
				BA764A581E4FEA0F00B6659A /* Info.plist */,
			);
			path = StayInTouch;
			sourceTree = "<group>";
		};
		BA764A601E4FEA1100B6659A /* StayInTouchTests */ = {
			isa = PBXGroup;
			children = (
				BA764A611E4FEA1100B6659A /* StayInTouchTests.swift */,
				BA764A631E4FEA1100B6659A /* Info.plist */,
			);
			path = StayInTouchTests;
			sourceTree = "<group>";
		};
		E4146E87803D40DB2A43B79C /* Pods */ = {
			isa = PBXGroup;
			children = (
				3EAB95E939505C80B7C390CA /* Pods-StayInTouch.debug.xcconfig */,
				4A5A5ACEDDD661838FC9157B /* Pods-StayInTouch.release.xcconfig */,
				D07EDD4CEB75DFC56A2BABCC /* Pods-StayInTouchTests.debug.xcconfig */,
				5F754D2EBDB079A69C36E6CE /* Pods-StayInTouchTests.release.xcconfig */,
			);
			name = Pods;
			sourceTree = "<group>";
		};
/* End PBXGroup section */

/* Begin PBXNativeTarget section */
		BA764A461E4FEA0E00B6659A /* StayInTouch */ = {
			isa = PBXNativeTarget;
			buildConfigurationList = BA764A661E4FEA1100B6659A /* Build configuration list for PBXNativeTarget "StayInTouch" */;
			buildPhases = (
				DABEA5A12669305EAD6CE09E /* [CP] Check Pods Manifest.lock */,
				BA764A431E4FEA0E00B6659A /* Sources */,
				BA764A441E4FEA0E00B6659A /* Frameworks */,
				BA764A451E4FEA0E00B6659A /* Resources */,
				2A2C266B7091A220859E96B8 /* [CP] Embed Pods Frameworks */,
				1A07FF6A29DEBE6EFB33D928 /* [CP] Copy Pods Resources */,
			);
			buildRules = (
			);
			dependencies = (
			);
			name = StayInTouch;
			productName = StayInTouch;
			productReference = BA764A471E4FEA0E00B6659A /* StayInTouch.app */;
			productType = "com.apple.product-type.application";
		};
		BA764A5C1E4FEA1100B6659A /* StayInTouchTests */ = {
			isa = PBXNativeTarget;
			buildConfigurationList = BA764A691E4FEA1100B6659A /* Build configuration list for PBXNativeTarget "StayInTouchTests" */;
			buildPhases = (
				A142D6117785EF98EA1A59AD /* [CP] Check Pods Manifest.lock */,
				BA764A591E4FEA1100B6659A /* Sources */,
				BA764A5A1E4FEA1100B6659A /* Frameworks */,
				BA764A5B1E4FEA1100B6659A /* Resources */,
				157D8EB0D0F1D52C556B37E9 /* [CP] Embed Pods Frameworks */,
				8C4F8D67EC97EFA8D54CC886 /* [CP] Copy Pods Resources */,
			);
			buildRules = (
			);
			dependencies = (
				BA764A5F1E4FEA1100B6659A /* PBXTargetDependency */,
			);
			name = StayInTouchTests;
			productName = StayInTouchTests;
			productReference = BA764A5D1E4FEA1100B6659A /* StayInTouchTests.xctest */;
			productType = "com.apple.product-type.bundle.unit-test";
		};
/* End PBXNativeTarget section */

/* Begin PBXProject section */
		BA764A3F1E4FEA0E00B6659A /* Project object */ = {
			isa = PBXProject;
			attributes = {
				LastSwiftUpdateCheck = 0820;
				LastUpgradeCheck = 0820;
				ORGANIZATIONNAME = "Hung-Yuan Shih";
				TargetAttributes = {
					BA764A461E4FEA0E00B6659A = {
						CreatedOnToolsVersion = 8.2;
						DevelopmentTeam = KAFJCUEKP3;
						ProvisioningStyle = Automatic;
						SystemCapabilities = {
							com.apple.Push = {
								enabled = 1;
							};
						};
					};
					BA764A5C1E4FEA1100B6659A = {
						CreatedOnToolsVersion = 8.2;
						ProvisioningStyle = Automatic;
						TestTargetID = BA764A461E4FEA0E00B6659A;
					};
				};
			};
			buildConfigurationList = BA764A421E4FEA0E00B6659A /* Build configuration list for PBXProject "StayInTouch" */;
			compatibilityVersion = "Xcode 3.2";
			developmentRegion = English;
			hasScannedForEncodings = 0;
			knownRegions = (
				en,
				Base,
			);
			mainGroup = BA764A3E1E4FEA0E00B6659A;
			productRefGroup = BA764A481E4FEA0E00B6659A /* Products */;
			projectDirPath = "";
			projectRoot = "";
			targets = (
				BA764A461E4FEA0E00B6659A /* StayInTouch */,
				BA764A5C1E4FEA1100B6659A /* StayInTouchTests */,
			);
		};
/* End PBXProject section */

/* Begin PBXResourcesBuildPhase section */
		BA764A451E4FEA0E00B6659A /* Resources */ = {
			isa = PBXResourcesBuildPhase;
			buildActionMask = 2147483647;
			files = (
				BA10C6051E510DC10014C47C /* GoogleService-Info.plist in Resources */,
				BA764A541E4FEA0F00B6659A /* Assets.xcassets in Resources */,
				BA764A521E4FEA0E00B6659A /* Main.storyboard in Resources */,
			);
			runOnlyForDeploymentPostprocessing = 0;
		};
		BA764A5B1E4FEA1100B6659A /* Resources */ = {
			isa = PBXResourcesBuildPhase;
			buildActionMask = 2147483647;
			files = (
			);
			runOnlyForDeploymentPostprocessing = 0;
		};
/* End PBXResourcesBuildPhase section */

/* Begin PBXShellScriptBuildPhase section */
		157D8EB0D0F1D52C556B37E9 /* [CP] Embed Pods Frameworks */ = {
			isa = PBXShellScriptBuildPhase;
			buildActionMask = 2147483647;
			files = (
			);
			inputPaths = (
			);
			name = "[CP] Embed Pods Frameworks";
			outputPaths = (
			);
			runOnlyForDeploymentPostprocessing = 0;
			shellPath = /bin/sh;
			shellScript = "\"${SRCROOT}/Pods/Target Support Files/Pods-StayInTouchTests/Pods-StayInTouchTests-frameworks.sh\"\n";
			showEnvVarsInLog = 0;
		};
		1A07FF6A29DEBE6EFB33D928 /* [CP] Copy Pods Resources */ = {
			isa = PBXShellScriptBuildPhase;
			buildActionMask = 2147483647;
			files = (
			);
			inputPaths = (
			);
			name = "[CP] Copy Pods Resources";
			outputPaths = (
			);
			runOnlyForDeploymentPostprocessing = 0;
			shellPath = /bin/sh;
			shellScript = "\"${SRCROOT}/Pods/Target Support Files/Pods-StayInTouch/Pods-StayInTouch-resources.sh\"\n";
			showEnvVarsInLog = 0;
		};
		2A2C266B7091A220859E96B8 /* [CP] Embed Pods Frameworks */ = {
			isa = PBXShellScriptBuildPhase;
			buildActionMask = 2147483647;
			files = (
			);
			inputPaths = (
			);
			name = "[CP] Embed Pods Frameworks";
			outputPaths = (
			);
			runOnlyForDeploymentPostprocessing = 0;
			shellPath = /bin/sh;
			shellScript = "\"${SRCROOT}/Pods/Target Support Files/Pods-StayInTouch/Pods-StayInTouch-frameworks.sh\"\n";
			showEnvVarsInLog = 0;
		};
		8C4F8D67EC97EFA8D54CC886 /* [CP] Copy Pods Resources */ = {
			isa = PBXShellScriptBuildPhase;
			buildActionMask = 2147483647;
			files = (
			);
			inputPaths = (
			);
			name = "[CP] Copy Pods Resources";
			outputPaths = (
			);
			runOnlyForDeploymentPostprocessing = 0;
			shellPath = /bin/sh;
			shellScript = "\"${SRCROOT}/Pods/Target Support Files/Pods-StayInTouchTests/Pods-StayInTouchTests-resources.sh\"\n";
			showEnvVarsInLog = 0;
		};
		A142D6117785EF98EA1A59AD /* [CP] Check Pods Manifest.lock */ = {
			isa = PBXShellScriptBuildPhase;
			buildActionMask = 2147483647;
			files = (
			);
			inputPaths = (
			);
			name = "[CP] Check Pods Manifest.lock";
			outputPaths = (
			);
			runOnlyForDeploymentPostprocessing = 0;
			shellPath = /bin/sh;
			shellScript = "diff \"${PODS_ROOT}/../Podfile.lock\" \"${PODS_ROOT}/Manifest.lock\" > /dev/null\nif [ $? != 0 ] ; then\n    # print error to STDERR\n    echo \"error: The sandbox is not in sync with the Podfile.lock. Run 'pod install' or update your CocoaPods installation.\" >&2\n    exit 1\nfi\n";
			showEnvVarsInLog = 0;
		};
		DABEA5A12669305EAD6CE09E /* [CP] Check Pods Manifest.lock */ = {
			isa = PBXShellScriptBuildPhase;
			buildActionMask = 2147483647;
			files = (
			);
			inputPaths = (
			);
			name = "[CP] Check Pods Manifest.lock";
			outputPaths = (
			);
			runOnlyForDeploymentPostprocessing = 0;
			shellPath = /bin/sh;
			shellScript = "diff \"${PODS_ROOT}/../Podfile.lock\" \"${PODS_ROOT}/Manifest.lock\" > /dev/null\nif [ $? != 0 ] ; then\n    # print error to STDERR\n    echo \"error: The sandbox is not in sync with the Podfile.lock. Run 'pod install' or update your CocoaPods installation.\" >&2\n    exit 1\nfi\n";
			showEnvVarsInLog = 0;
		};
/* End PBXShellScriptBuildPhase section */

/* Begin PBXSourcesBuildPhase section */
		BA764A431E4FEA0E00B6659A /* Sources */ = {
			isa = PBXSourcesBuildPhase;
			buildActionMask = 2147483647;
			files = (
				BA764A6D1E5013C300B6659A /* SignInViewController.swift in Sources */,
				BA764A4F1E4FEA0E00B6659A /* SecondViewController.swift in Sources */,
				BA5CD7B51E86CEC900196BE6 /* ContactViewController.swift in Sources */,
				BA262F561E778D3400E4A614 /* SettingsViewController.swift in Sources */,
				BA764A4B1E4FEA0E00B6659A /* AppDelegate.swift in Sources */,
				BA0561371EF8D21F006D7FC8 /* WelcomeViewController.swift in Sources */,
				BA77CDC31ECFF74E009D891B /* ArticleViewController.swift in Sources */,
				BA5CD7B31E86CE1E00196BE6 /* ContactBasicInfoViewController.swift in Sources */,
				BAD94FD61EC79CD50077A355 /* NotificationTableViewCell.swift in Sources */,
				BA5CD7B91E8877C600196BE6 /* ContactInfo.swift in Sources */,
				BA5CD7B71E8707BF00196BE6 /* ProfessionalProfileTableViewController.swift in Sources */,
				BA1C0D5C1F1213BC002569C9 /* ContactPageViewController.swift in Sources */,
				BA9B648F1E56C18000DD6414 /* SessionCheckViewController.swift in Sources */,
				BA1C0D541F112E9D002569C9 /* Contact.swift in Sources */,
				BAFFF1B61F1AC4610015D943 /* PastConvoTableViewController.swift in Sources */,
				BAFDC8781E993B4C009E6BBB /* StringUtil.swift in Sources */,
				BA5CD7BB1E887F7A00196BE6 /* InterestsTableViewController.swift in Sources */,
				BA90BB781E67CA850062E419 /* HomeTabBarController.swift in Sources */,
				BA1C0D5A1F116710002569C9 /* ConversationTableViewController.swift in Sources */,
				BA4274EB1E5FE18F00FED1B0 /* SubmitSignUpViewController.swift in Sources */,
				BAD94FD21EC7928B0077A355 /* FollowUpTableViewController.swift in Sources */,
				BAFFF1BA1F1BC7670015D943 /* FollowUpUtil.swift in Sources */,
				BAFFF1B81F1AC5D20015D943 /* ConvoTableViewCell.swift in Sources */,
				BA4274ED1E5FE4EC00FED1B0 /* Printer.swift in Sources */,
				BA3C43DC1ECD3BEC003D00A7 /* Notification.swift in Sources */,
				BA77CDC11ECFEEF8009D891B /* NotificationViewController.swift in Sources */,
				BA1C0D5E1F159BC3002569C9 /* EditContactViewController.swift in Sources */,
				BA764A4D1E4FEA0E00B6659A /* FirstViewController.swift in Sources */,
				BA41189B1E622E2500E25925 /* SignUpInfoTableViewController.swift in Sources */,
				BA41189F1E6299CC00E25925 /* Constants.swift in Sources */,
				BA1C0D581F116262002569C9 /* ContactViewCell.swift in Sources */,
			);
			runOnlyForDeploymentPostprocessing = 0;
		};
		BA764A591E4FEA1100B6659A /* Sources */ = {
			isa = PBXSourcesBuildPhase;
			buildActionMask = 2147483647;
			files = (
				BA764A621E4FEA1100B6659A /* StayInTouchTests.swift in Sources */,
			);
			runOnlyForDeploymentPostprocessing = 0;
		};
/* End PBXSourcesBuildPhase section */

/* Begin PBXTargetDependency section */
		BA764A5F1E4FEA1100B6659A /* PBXTargetDependency */ = {
			isa = PBXTargetDependency;
			target = BA764A461E4FEA0E00B6659A /* StayInTouch */;
			targetProxy = BA764A5E1E4FEA1100B6659A /* PBXContainerItemProxy */;
		};
/* End PBXTargetDependency section */

/* Begin PBXVariantGroup section */
		BA764A501E4FEA0E00B6659A /* Main.storyboard */ = {
			isa = PBXVariantGroup;
			children = (
				BA764A511E4FEA0E00B6659A /* Base */,
			);
			name = Main.storyboard;
			sourceTree = "<group>";
		};
/* End PBXVariantGroup section */

/* Begin XCBuildConfiguration section */
		BA764A641E4FEA1100B6659A /* Debug */ = {
			isa = XCBuildConfiguration;
			buildSettings = {
				ALWAYS_SEARCH_USER_PATHS = NO;
				CLANG_ANALYZER_NONNULL = YES;
				CLANG_CXX_LANGUAGE_STANDARD = "gnu++0x";
				CLANG_CXX_LIBRARY = "libc++";
				CLANG_ENABLE_MODULES = YES;
				CLANG_ENABLE_OBJC_ARC = YES;
				CLANG_WARN_BOOL_CONVERSION = YES;
				CLANG_WARN_CONSTANT_CONVERSION = YES;
				CLANG_WARN_DIRECT_OBJC_ISA_USAGE = YES_ERROR;
				CLANG_WARN_DOCUMENTATION_COMMENTS = YES;
				CLANG_WARN_EMPTY_BODY = YES;
				CLANG_WARN_ENUM_CONVERSION = YES;
				CLANG_WARN_INFINITE_RECURSION = YES;
				CLANG_WARN_INT_CONVERSION = YES;
				CLANG_WARN_OBJC_ROOT_CLASS = YES_ERROR;
				CLANG_WARN_SUSPICIOUS_MOVE = YES;
				CLANG_WARN_UNREACHABLE_CODE = YES;
				CLANG_WARN__DUPLICATE_METHOD_MATCH = YES;
				"CODE_SIGN_IDENTITY[sdk=iphoneos*]" = "iPhone Developer";
				COPY_PHASE_STRIP = NO;
				DEBUG_INFORMATION_FORMAT = dwarf;
				ENABLE_STRICT_OBJC_MSGSEND = YES;
				ENABLE_TESTABILITY = YES;
				GCC_C_LANGUAGE_STANDARD = gnu99;
				GCC_DYNAMIC_NO_PIC = NO;
				GCC_NO_COMMON_BLOCKS = YES;
				GCC_OPTIMIZATION_LEVEL = 0;
				GCC_PREPROCESSOR_DEFINITIONS = (
					"DEBUG=1",
					"$(inherited)",
				);
				GCC_WARN_64_TO_32_BIT_CONVERSION = YES;
				GCC_WARN_ABOUT_RETURN_TYPE = YES_ERROR;
				GCC_WARN_UNDECLARED_SELECTOR = YES;
				GCC_WARN_UNINITIALIZED_AUTOS = YES_AGGRESSIVE;
				GCC_WARN_UNUSED_FUNCTION = YES;
				GCC_WARN_UNUSED_VARIABLE = YES;
				IPHONEOS_DEPLOYMENT_TARGET = 10.2;
				MTL_ENABLE_DEBUG_INFO = YES;
				ONLY_ACTIVE_ARCH = YES;
				SDKROOT = iphoneos;
				SWIFT_ACTIVE_COMPILATION_CONDITIONS = DEBUG;
				SWIFT_OPTIMIZATION_LEVEL = "-Onone";
				TARGETED_DEVICE_FAMILY = "1,2";
			};
			name = Debug;
		};
		BA764A651E4FEA1100B6659A /* Release */ = {
			isa = XCBuildConfiguration;
			buildSettings = {
				ALWAYS_SEARCH_USER_PATHS = NO;
				CLANG_ANALYZER_NONNULL = YES;
				CLANG_CXX_LANGUAGE_STANDARD = "gnu++0x";
				CLANG_CXX_LIBRARY = "libc++";
				CLANG_ENABLE_MODULES = YES;
				CLANG_ENABLE_OBJC_ARC = YES;
				CLANG_WARN_BOOL_CONVERSION = YES;
				CLANG_WARN_CONSTANT_CONVERSION = YES;
				CLANG_WARN_DIRECT_OBJC_ISA_USAGE = YES_ERROR;
				CLANG_WARN_DOCUMENTATION_COMMENTS = YES;
				CLANG_WARN_EMPTY_BODY = YES;
				CLANG_WARN_ENUM_CONVERSION = YES;
				CLANG_WARN_INFINITE_RECURSION = YES;
				CLANG_WARN_INT_CONVERSION = YES;
				CLANG_WARN_OBJC_ROOT_CLASS = YES_ERROR;
				CLANG_WARN_SUSPICIOUS_MOVE = YES;
				CLANG_WARN_UNREACHABLE_CODE = YES;
				CLANG_WARN__DUPLICATE_METHOD_MATCH = YES;
				"CODE_SIGN_IDENTITY[sdk=iphoneos*]" = "iPhone Developer";
				COPY_PHASE_STRIP = NO;
				DEBUG_INFORMATION_FORMAT = "dwarf-with-dsym";
				ENABLE_NS_ASSERTIONS = NO;
				ENABLE_STRICT_OBJC_MSGSEND = YES;
				GCC_C_LANGUAGE_STANDARD = gnu99;
				GCC_NO_COMMON_BLOCKS = YES;
				GCC_WARN_64_TO_32_BIT_CONVERSION = YES;
				GCC_WARN_ABOUT_RETURN_TYPE = YES_ERROR;
				GCC_WARN_UNDECLARED_SELECTOR = YES;
				GCC_WARN_UNINITIALIZED_AUTOS = YES_AGGRESSIVE;
				GCC_WARN_UNUSED_FUNCTION = YES;
				GCC_WARN_UNUSED_VARIABLE = YES;
				IPHONEOS_DEPLOYMENT_TARGET = 10.2;
				MTL_ENABLE_DEBUG_INFO = NO;
				SDKROOT = iphoneos;
				SWIFT_OPTIMIZATION_LEVEL = "-Owholemodule";
				TARGETED_DEVICE_FAMILY = "1,2";
				VALIDATE_PRODUCT = YES;
			};
			name = Release;
		};
		BA764A671E4FEA1100B6659A /* Debug */ = {
			isa = XCBuildConfiguration;
			baseConfigurationReference = 3EAB95E939505C80B7C390CA /* Pods-StayInTouch.debug.xcconfig */;
			buildSettings = {
				ASSETCATALOG_COMPILER_APPICON_NAME = AppIcon;
				CODE_SIGN_ENTITLEMENTS = StayInTouch/StayInTouch.entitlements;
				DEVELOPMENT_TEAM = KAFJCUEKP3;
				INFOPLIST_FILE = StayInTouch/Info.plist;
				LD_RUNPATH_SEARCH_PATHS = "$(inherited) @executable_path/Frameworks";
				PRODUCT_BUNDLE_IDENTIFIER = com.beta.StayInTouch;
				PRODUCT_NAME = "$(TARGET_NAME)";
				SWIFT_VERSION = 3.0;
			};
			name = Debug;
		};
		BA764A681E4FEA1100B6659A /* Release */ = {
			isa = XCBuildConfiguration;
			baseConfigurationReference = 4A5A5ACEDDD661838FC9157B /* Pods-StayInTouch.release.xcconfig */;
			buildSettings = {
				ASSETCATALOG_COMPILER_APPICON_NAME = AppIcon;
				CODE_SIGN_ENTITLEMENTS = StayInTouch/StayInTouch.entitlements;
				DEVELOPMENT_TEAM = KAFJCUEKP3;
				INFOPLIST_FILE = StayInTouch/Info.plist;
				LD_RUNPATH_SEARCH_PATHS = "$(inherited) @executable_path/Frameworks";
				PRODUCT_BUNDLE_IDENTIFIER = com.beta.StayInTouch;
				PRODUCT_NAME = "$(TARGET_NAME)";
				SWIFT_VERSION = 3.0;
			};
			name = Release;
		};
		BA764A6A1E4FEA1100B6659A /* Debug */ = {
			isa = XCBuildConfiguration;
			baseConfigurationReference = D07EDD4CEB75DFC56A2BABCC /* Pods-StayInTouchTests.debug.xcconfig */;
			buildSettings = {
				ALWAYS_EMBED_SWIFT_STANDARD_LIBRARIES = YES;
				BUNDLE_LOADER = "$(TEST_HOST)";
				INFOPLIST_FILE = StayInTouchTests/Info.plist;
				LD_RUNPATH_SEARCH_PATHS = "$(inherited) @executable_path/Frameworks @loader_path/Frameworks";
				PRODUCT_BUNDLE_IDENTIFIER = com.beta.StayInTouchTests;
				PRODUCT_NAME = "$(TARGET_NAME)";
				SWIFT_VERSION = 3.0;
				TEST_HOST = "$(BUILT_PRODUCTS_DIR)/StayInTouch.app/StayInTouch";
			};
			name = Debug;
		};
		BA764A6B1E4FEA1100B6659A /* Release */ = {
			isa = XCBuildConfiguration;
			baseConfigurationReference = 5F754D2EBDB079A69C36E6CE /* Pods-StayInTouchTests.release.xcconfig */;
			buildSettings = {
				ALWAYS_EMBED_SWIFT_STANDARD_LIBRARIES = YES;
				BUNDLE_LOADER = "$(TEST_HOST)";
				INFOPLIST_FILE = StayInTouchTests/Info.plist;
				LD_RUNPATH_SEARCH_PATHS = "$(inherited) @executable_path/Frameworks @loader_path/Frameworks";
				PRODUCT_BUNDLE_IDENTIFIER = com.beta.StayInTouchTests;
				PRODUCT_NAME = "$(TARGET_NAME)";
				SWIFT_VERSION = 3.0;
				TEST_HOST = "$(BUILT_PRODUCTS_DIR)/StayInTouch.app/StayInTouch";
			};
			name = Release;
		};
/* End XCBuildConfiguration section */

/* Begin XCConfigurationList section */
		BA764A421E4FEA0E00B6659A /* Build configuration list for PBXProject "StayInTouch" */ = {
			isa = XCConfigurationList;
			buildConfigurations = (
				BA764A641E4FEA1100B6659A /* Debug */,
				BA764A651E4FEA1100B6659A /* Release */,
			);
			defaultConfigurationIsVisible = 0;
			defaultConfigurationName = Release;
		};
		BA764A661E4FEA1100B6659A /* Build configuration list for PBXNativeTarget "StayInTouch" */ = {
			isa = XCConfigurationList;
			buildConfigurations = (
				BA764A671E4FEA1100B6659A /* Debug */,
				BA764A681E4FEA1100B6659A /* Release */,
			);
			defaultConfigurationIsVisible = 0;
			defaultConfigurationName = Release;
		};
		BA764A691E4FEA1100B6659A /* Build configuration list for PBXNativeTarget "StayInTouchTests" */ = {
			isa = XCConfigurationList;
			buildConfigurations = (
				BA764A6A1E4FEA1100B6659A /* Debug */,
				BA764A6B1E4FEA1100B6659A /* Release */,
			);
			defaultConfigurationIsVisible = 0;
			defaultConfigurationName = Release;
		};
/* End XCConfigurationList section */
	};
	rootObject = BA764A3F1E4FEA0E00B6659A /* Project object */;
}
